// !$*UTF8*$!
{
	archiveVersion = 1;
	classes = {
	};
	objectVersion = 48;
	objects = {

/* Begin PBXBuildFile section */
		17810B751FB404440095A38A /* AppDelegate.swift in Sources */ = {isa = PBXBuildFile; fileRef = 17810B741FB404440095A38A /* AppDelegate.swift */; };
		17810B771FB404440095A38A /* ViewController.swift in Sources */ = {isa = PBXBuildFile; fileRef = 17810B761FB404440095A38A /* ViewController.swift */; };
		17810B7A1FB404440095A38A /* Main.storyboard in Resources */ = {isa = PBXBuildFile; fileRef = 17810B781FB404440095A38A /* Main.storyboard */; };
		17810B7C1FB404440095A38A /* Assets.xcassets in Resources */ = {isa = PBXBuildFile; fileRef = 17810B7B1FB404440095A38A /* Assets.xcassets */; };
		17810B7F1FB404440095A38A /* LaunchScreen.storyboard in Resources */ = {isa = PBXBuildFile; fileRef = 17810B7D1FB404440095A38A /* LaunchScreen.storyboard */; };
		17810B8A1FB404440095A38A /* sampleMiniGuidebookTests.swift in Sources */ = {isa = PBXBuildFile; fileRef = 17810B891FB404440095A38A /* sampleMiniGuidebookTests.swift */; };
		17810B951FB404440095A38A /* sampleMiniGuidebookUITests.swift in Sources */ = {isa = PBXBuildFile; fileRef = 17810B941FB404440095A38A /* sampleMiniGuidebookUITests.swift */; };
/* End PBXBuildFile section */

/* Begin PBXContainerItemProxy section */
		17810B861FB404440095A38A /* PBXContainerItemProxy */ = {
			isa = PBXContainerItemProxy;
			containerPortal = 17810B691FB404440095A38A /* Project object */;
			proxyType = 1;
			remoteGlobalIDString = 17810B701FB404440095A38A;
			remoteInfo = sampleMiniGuidebook;
		};
		17810B911FB404440095A38A /* PBXContainerItemProxy */ = {
			isa = PBXContainerItemProxy;
			containerPortal = 17810B691FB404440095A38A /* Project object */;
			proxyType = 1;
			remoteGlobalIDString = 17810B701FB404440095A38A;
			remoteInfo = sampleMiniGuidebook;
		};
/* End PBXContainerItemProxy section */

/* Begin PBXFileReference section */
		17810B711FB404440095A38A /* sampleMiniGuidebook.app */ = {isa = PBXFileReference; explicitFileType = wrapper.application; includeInIndex = 0; path = sampleMiniGuidebook.app; sourceTree = BUILT_PRODUCTS_DIR; };
		17810B741FB404440095A38A /* AppDelegate.swift */ = {isa = PBXFileReference; lastKnownFileType = sourcecode.swift; path = AppDelegate.swift; sourceTree = "<group>"; };
		17810B761FB404440095A38A /* ViewController.swift */ = {isa = PBXFileReference; lastKnownFileType = sourcecode.swift; path = ViewController.swift; sourceTree = "<group>"; };
		17810B791FB404440095A38A /* Base */ = {isa = PBXFileReference; lastKnownFileType = file.storyboard; name = Base; path = Base.lproj/Main.storyboard; sourceTree = "<group>"; };
		17810B7B1FB404440095A38A /* Assets.xcassets */ = {isa = PBXFileReference; lastKnownFileType = folder.assetcatalog; path = Assets.xcassets; sourceTree = "<group>"; };
		17810B7E1FB404440095A38A /* Base */ = {isa = PBXFileReference; lastKnownFileType = file.storyboard; name = Base; path = Base.lproj/LaunchScreen.storyboard; sourceTree = "<group>"; };
		17810B801FB404440095A38A /* Info.plist */ = {isa = PBXFileReference; lastKnownFileType = text.plist.xml; path = Info.plist; sourceTree = "<group>"; };
		17810B851FB404440095A38A /* sampleMiniGuidebookTests.xctest */ = {isa = PBXFileReference; explicitFileType = wrapper.cfbundle; includeInIndex = 0; path = sampleMiniGuidebookTests.xctest; sourceTree = BUILT_PRODUCTS_DIR; };
		17810B891FB404440095A38A /* sampleMiniGuidebookTests.swift */ = {isa = PBXFileReference; lastKnownFileType = sourcecode.swift; path = sampleMiniGuidebookTests.swift; sourceTree = "<group>"; };
		17810B8B1FB404440095A38A /* Info.plist */ = {isa = PBXFileReference; lastKnownFileType = text.plist.xml; path = Info.plist; sourceTree = "<group>"; };
		17810B901FB404440095A38A /* sampleMiniGuidebookUITests.xctest */ = {isa = PBXFileReference; explicitFileType = wrapper.cfbundle; includeInIndex = 0; path = sampleMiniGuidebookUITests.xctest; sourceTree = BUILT_PRODUCTS_DIR; };
		17810B941FB404440095A38A /* sampleMiniGuidebookUITests.swift */ = {isa = PBXFileReference; lastKnownFileType = sourcecode.swift; path = sampleMiniGuidebookUITests.swift; sourceTree = "<group>"; };
		17810B961FB404440095A38A /* Info.plist */ = {isa = PBXFileReference; lastKnownFileType = text.plist.xml; path = Info.plist; sourceTree = "<group>"; };
/* End PBXFileReference section */

/* Begin PBXFrameworksBuildPhase section */
		17810B6E1FB404440095A38A /* Frameworks */ = {
			isa = PBXFrameworksBuildPhase;
			buildActionMask = 2147483647;
			files = (
			);
			runOnlyForDeploymentPostprocessing = 0;
		};
		17810B821FB404440095A38A /* Frameworks */ = {
			isa = PBXFrameworksBuildPhase;
			buildActionMask = 2147483647;
			files = (
			);
			runOnlyForDeploymentPostprocessing = 0;
		};
		17810B8D1FB404440095A38A /* Frameworks */ = {
			isa = PBXFrameworksBuildPhase;
			buildActionMask = 2147483647;
			files = (
			);
			runOnlyForDeploymentPostprocessing = 0;
		};
/* End PBXFrameworksBuildPhase section */

/* Begin PBXGroup section */
		17810B681FB404440095A38A = {
			isa = PBXGroup;
			children = (
				17810B731FB404440095A38A /* sampleMiniGuidebook */,
				17810B881FB404440095A38A /* sampleMiniGuidebookTests */,
				17810B931FB404440095A38A /* sampleMiniGuidebookUITests */,
				17810B721FB404440095A38A /* Products */,
			);
			sourceTree = "<group>";
		};
		17810B721FB404440095A38A /* Products */ = {
			isa = PBXGroup;
			children = (
				17810B711FB404440095A38A /* sampleMiniGuidebook.app */,
				17810B851FB404440095A38A /* sampleMiniGuidebookTests.xctest */,
				17810B901FB404440095A38A /* sampleMiniGuidebookUITests.xctest */,
			);
			name = Products;
			sourceTree = "<group>";
		};
		17810B731FB404440095A38A /* sampleMiniGuidebook */ = {
			isa = PBXGroup;
			children = (
				17810B741FB404440095A38A /* AppDelegate.swift */,
				17810B761FB404440095A38A /* ViewController.swift */,
				17810B781FB404440095A38A /* Main.storyboard */,
				17810B7B1FB404440095A38A /* Assets.xcassets */,
				17810B7D1FB404440095A38A /* LaunchScreen.storyboard */,
				17810B801FB404440095A38A /* Info.plist */,
			);
			path = sampleMiniGuidebook;
			sourceTree = "<group>";
		};
		17810B881FB404440095A38A /* sampleMiniGuidebookTests */ = {
			isa = PBXGroup;
			children = (
				17810B891FB404440095A38A /* sampleMiniGuidebookTests.swift */,
				17810B8B1FB404440095A38A /* Info.plist */,
			);
			path = sampleMiniGuidebookTests;
			sourceTree = "<group>";
		};
		17810B931FB404440095A38A /* sampleMiniGuidebookUITests */ = {
			isa = PBXGroup;
			children = (
				17810B941FB404440095A38A /* sampleMiniGuidebookUITests.swift */,
				17810B961FB404440095A38A /* Info.plist */,
			);
			path = sampleMiniGuidebookUITests;
			sourceTree = "<group>";
		};
/* End PBXGroup section */

/* Begin PBXNativeTarget section */
		17810B701FB404440095A38A /* sampleMiniGuidebook */ = {
			isa = PBXNativeTarget;
			buildConfigurationList = 17810B991FB404440095A38A /* Build configuration list for PBXNativeTarget "sampleMiniGuidebook" */;
			buildPhases = (
				17810B6D1FB404440095A38A /* Sources */,
				17810B6E1FB404440095A38A /* Frameworks */,
				17810B6F1FB404440095A38A /* Resources */,
			);
			buildRules = (
			);
			dependencies = (
			);
			name = sampleMiniGuidebook;
			productName = sampleMiniGuidebook;
			productReference = 17810B711FB404440095A38A /* sampleMiniGuidebook.app */;
			productType = "com.apple.product-type.application";
		};
		17810B841FB404440095A38A /* sampleMiniGuidebookTests */ = {
			isa = PBXNativeTarget;
			buildConfigurationList = 17810B9C1FB404440095A38A /* Build configuration list for PBXNativeTarget "sampleMiniGuidebookTests" */;
			buildPhases = (
				17810B811FB404440095A38A /* Sources */,
				17810B821FB404440095A38A /* Frameworks */,
				17810B831FB404440095A38A /* Resources */,
			);
			buildRules = (
			);
			dependencies = (
				17810B871FB404440095A38A /* PBXTargetDependency */,
			);
			name = sampleMiniGuidebookTests;
			productName = sampleMiniGuidebookTests;
			productReference = 17810B851FB404440095A38A /* sampleMiniGuidebookTests.xctest */;
			productType = "com.apple.product-type.bundle.unit-test";
		};
		17810B8F1FB404440095A38A /* sampleMiniGuidebookUITests */ = {
			isa = PBXNativeTarget;
			buildConfigurationList = 17810B9F1FB404440095A38A /* Build configuration list for PBXNativeTarget "sampleMiniGuidebookUITests" */;
			buildPhases = (
				17810B8C1FB404440095A38A /* Sources */,
				17810B8D1FB404440095A38A /* Frameworks */,
				17810B8E1FB404440095A38A /* Resources */,
			);
			buildRules = (
			);
			dependencies = (
				17810B921FB404440095A38A /* PBXTargetDependency */,
			);
			name = sampleMiniGuidebookUITests;
			productName = sampleMiniGuidebookUITests;
			productReference = 17810B901FB404440095A38A /* sampleMiniGuidebookUITests.xctest */;
			productType = "com.apple.product-type.bundle.ui-testing";
		};
/* End PBXNativeTarget section */

/* Begin PBXProject section */
		17810B691FB404440095A38A /* Project object */ = {
			isa = PBXProject;
			attributes = {
				LastSwiftUpdateCheck = 0900;
				LastUpgradeCheck = 0900;
				ORGANIZATIONNAME = "Tatsuki Nakatsuka";
				TargetAttributes = {
					17810B701FB404440095A38A = {
						CreatedOnToolsVersion = 9.0.1;
						ProvisioningStyle = Automatic;
					};
					17810B841FB404440095A38A = {
						CreatedOnToolsVersion = 9.0.1;
						ProvisioningStyle = Automatic;
						TestTargetID = 17810B701FB404440095A38A;
					};
					17810B8F1FB404440095A38A = {
						CreatedOnToolsVersion = 9.0.1;
						ProvisioningStyle = Automatic;
						TestTargetID = 17810B701FB404440095A38A;
					};
				};
			};
			buildConfigurationList = 17810B6C1FB404440095A38A /* Build configuration list for PBXProject "sampleMiniGuidebook" */;
			compatibilityVersion = "Xcode 8.0";
			developmentRegion = en;
			hasScannedForEncodings = 0;
			knownRegions = (
				en,
				Base,
			);
			mainGroup = 17810B681FB404440095A38A;
			productRefGroup = 17810B721FB404440095A38A /* Products */;
			projectDirPath = "";
			projectRoot = "";
			targets = (
				17810B701FB404440095A38A /* sampleMiniGuidebook */,
				17810B841FB404440095A38A /* sampleMiniGuidebookTests */,
				17810B8F1FB404440095A38A /* sampleMiniGuidebookUITests */,
			);
		};
/* End PBXProject section */

/* Begin PBXResourcesBuildPhase section */
		17810B6F1FB404440095A38A /* Resources */ = {
			isa = PBXResourcesBuildPhase;
			buildActionMask = 2147483647;
			files = (
				17810B7F1FB404440095A38A /* LaunchScreen.storyboard in Resources */,
				17810B7C1FB404440095A38A /* Assets.xcassets in Resources */,
				17810B7A1FB404440095A38A /* Main.storyboard in Resources */,
			);
			runOnlyForDeploymentPostprocessing = 0;
		};
		17810B831FB404440095A38A /* Resources */ = {
			isa = PBXResourcesBuildPhase;
			buildActionMask = 2147483647;
			files = (
			);
			runOnlyForDeploymentPostprocessing = 0;
		};
		17810B8E1FB404440095A38A /* Resources */ = {
			isa = PBXResourcesBuildPhase;
			buildActionMask = 2147483647;
			files = (
			);
			runOnlyForDeploymentPostprocessing = 0;
		};
/* End PBXResourcesBuildPhase section */

/* Begin PBXSourcesBuildPhase section */
		17810B6D1FB404440095A38A /* Sources */ = {
			isa = PBXSourcesBuildPhase;
			buildActionMask = 2147483647;
			files = (
				17810B771FB404440095A38A /* ViewController.swift in Sources */,
				17810B751FB404440095A38A /* AppDelegate.swift in Sources */,
			);
			runOnlyForDeploymentPostprocessing = 0;
		};
		17810B811FB404440095A38A /* Sources */ = {
			isa = PBXSourcesBuildPhase;
			buildActionMask = 2147483647;
			files = (
				17810B8A1FB404440095A38A /* sampleMiniGuidebookTests.swift in Sources */,
			);
			runOnlyForDeploymentPostprocessing = 0;
		};
		17810B8C1FB404440095A38A /* Sources */ = {
			isa = PBXSourcesBuildPhase;
			buildActionMask = 2147483647;
			files = (
				17810B951FB404440095A38A /* sampleMiniGuidebookUITests.swift in Sources */,
			);
			runOnlyForDeploymentPostprocessing = 0;
		};
/* End PBXSourcesBuildPhase section */

/* Begin PBXTargetDependency section */
		17810B871FB404440095A38A /* PBXTargetDependency */ = {
			isa = PBXTargetDependency;
			target = 17810B701FB404440095A38A /* sampleMiniGuidebook */;
			targetProxy = 17810B861FB404440095A38A /* PBXContainerItemProxy */;
		};
		17810B921FB404440095A38A /* PBXTargetDependency */ = {
			isa = PBXTargetDependency;
			target = 17810B701FB404440095A38A /* sampleMiniGuidebook */;
			targetProxy = 17810B911FB404440095A38A /* PBXContainerItemProxy */;
		};
/* End PBXTargetDependency section */

/* Begin PBXVariantGroup section */
		17810B781FB404440095A38A /* Main.storyboard */ = {
			isa = PBXVariantGroup;
			children = (
				17810B791FB404440095A38A /* Base */,
			);
			name = Main.storyboard;
			sourceTree = "<group>";
		};
		17810B7D1FB404440095A38A /* LaunchScreen.storyboard */ = {
			isa = PBXVariantGroup;
			children = (
				17810B7E1FB404440095A38A /* Base */,
			);
			name = LaunchScreen.storyboard;
			sourceTree = "<group>";
		};
/* End PBXVariantGroup section */

/* Begin XCBuildConfiguration section */
		17810B971FB404440095A38A /* Debug */ = {
			isa = XCBuildConfiguration;
			buildSettings = {
				ALWAYS_SEARCH_USER_PATHS = NO;
				CLANG_ANALYZER_NONNULL = YES;
				CLANG_ANALYZER_NUMBER_OBJECT_CONVERSION = YES_AGGRESSIVE;
				CLANG_CXX_LANGUAGE_STANDARD = "gnu++14";
				CLANG_CXX_LIBRARY = "libc++";
				CLANG_ENABLE_MODULES = YES;
				CLANG_ENABLE_OBJC_ARC = YES;
				CLANG_WARN_BLOCK_CAPTURE_AUTORELEASING = YES;
				CLANG_WARN_BOOL_CONVERSION = YES;
				CLANG_WARN_COMMA = YES;
				CLANG_WARN_CONSTANT_CONVERSION = YES;
				CLANG_WARN_DIRECT_OBJC_ISA_USAGE = YES_ERROR;
				CLANG_WARN_DOCUMENTATION_COMMENTS = YES;
				CLANG_WARN_EMPTY_BODY = YES;
				CLANG_WARN_ENUM_CONVERSION = YES;
				CLANG_WARN_INFINITE_RECURSION = YES;
				CLANG_WARN_INT_CONVERSION = YES;
				CLANG_WARN_NON_LITERAL_NULL_CONVERSION = YES;
				CLANG_WARN_OBJC_LITERAL_CONVERSION = YES;
				CLANG_WARN_OBJC_ROOT_CLASS = YES_ERROR;
				CLANG_WARN_RANGE_LOOP_ANALYSIS = YES;
				CLANG_WARN_STRICT_PROTOTYPES = YES;
				CLANG_WARN_SUSPICIOUS_MOVE = YES;
				CLANG_WARN_UNGUARDED_AVAILABILITY = YES_AGGRESSIVE;
				CLANG_WARN_UNREACHABLE_CODE = YES;
				CLANG_WARN__DUPLICATE_METHOD_MATCH = YES;
				CODE_SIGN_IDENTITY = "iPhone Developer";
				COPY_PHASE_STRIP = NO;
				DEBUG_INFORMATION_FORMAT = dwarf;
				ENABLE_STRICT_OBJC_MSGSEND = YES;
				ENABLE_TESTABILITY = YES;
				GCC_C_LANGUAGE_STANDARD = gnu11;
				GCC_DYNAMIC_NO_PIC = NO;
				GCC_NO_COMMON_BLOCKS = YES;
				GCC_OPTIMIZATION_LEVEL = 0;
				GCC_PREPROCESSOR_DEFINITIONS = (
					"DEBUG=1",
					"$(inherited)",
				);
				GCC_WARN_64_TO_32_BIT_CONVERSION = YES;
				GCC_WARN_ABOUT_RETURN_TYPE = YES_ERROR;
				GCC_WARN_UNDECLARED_SELECTOR = YES;
				GCC_WARN_UNINITIALIZED_AUTOS = YES_AGGRESSIVE;
				GCC_WARN_UNUSED_FUNCTION = YES;
				GCC_WARN_UNUSED_VARIABLE = YES;
				IPHONEOS_DEPLOYMENT_TARGET = 11.0;
				MTL_ENABLE_DEBUG_INFO = YES;
				ONLY_ACTIVE_ARCH = YES;
				SDKROOT = iphoneos;
				SWIFT_ACTIVE_COMPILATION_CONDITIONS = DEBUG;
				SWIFT_OPTIMIZATION_LEVEL = "-Onone";
			};
			name = Debug;
		};
		17810B981FB404440095A38A /* Release */ = {
			isa = XCBuildConfiguration;
			buildSettings = {
				ALWAYS_SEARCH_USER_PATHS = NO;
				CLANG_ANALYZER_NONNULL = YES;
				CLANG_ANALYZER_NUMBER_OBJECT_CONVERSION = YES_AGGRESSIVE;
				CLANG_CXX_LANGUAGE_STANDARD = "gnu++14";
				CLANG_CXX_LIBRARY = "libc++";
				CLANG_ENABLE_MODULES = YES;
				CLANG_ENABLE_OBJC_ARC = YES;
				CLANG_WARN_BLOCK_CAPTURE_AUTORELEASING = YES;
				CLANG_WARN_BOOL_CONVERSION = YES;
				CLANG_WARN_COMMA = YES;
				CLANG_WARN_CONSTANT_CONVERSION = YES;
				CLANG_WARN_DIRECT_OBJC_ISA_USAGE = YES_ERROR;
				CLANG_WARN_DOCUMENTATION_COMMENTS = YES;
				CLANG_WARN_EMPTY_BODY = YES;
				CLANG_WARN_ENUM_CONVERSION = YES;
				CLANG_WARN_INFINITE_RECURSION = YES;
				CLANG_WARN_INT_CONVERSION = YES;
				CLANG_WARN_NON_LITERAL_NULL_CONVERSION = YES;
				CLANG_WARN_OBJC_LITERAL_CONVERSION = YES;
				CLANG_WARN_OBJC_ROOT_CLASS = YES_ERROR;
				CLANG_WARN_RANGE_LOOP_ANALYSIS = YES;
				CLANG_WARN_STRICT_PROTOTYPES = YES;
				CLANG_WARN_SUSPICIOUS_MOVE = YES;
				CLANG_WARN_UNGUARDED_AVAILABILITY = YES_AGGRESSIVE;
				CLANG_WARN_UNREACHABLE_CODE = YES;
				CLANG_WARN__DUPLICATE_METHOD_MATCH = YES;
				CODE_SIGN_IDENTITY = "iPhone Developer";
				COPY_PHASE_STRIP = NO;
				DEBUG_INFORMATION_FORMAT = "dwarf-with-dsym";
				ENABLE_NS_ASSERTIONS = NO;
				ENABLE_STRICT_OBJC_MSGSEND = YES;
				GCC_C_LANGUAGE_STANDARD = gnu11;
				GCC_NO_COMMON_BLOCKS = YES;
				GCC_WARN_64_TO_32_BIT_CONVERSION = YES;
				GCC_WARN_ABOUT_RETURN_TYPE = YES_ERROR;
				GCC_WARN_UNDECLARED_SELECTOR = YES;
				GCC_WARN_UNINITIALIZED_AUTOS = YES_AGGRESSIVE;
				GCC_WARN_UNUSED_FUNCTION = YES;
				GCC_WARN_UNUSED_VARIABLE = YES;
				IPHONEOS_DEPLOYMENT_TARGET = 11.0;
				MTL_ENABLE_DEBUG_INFO = NO;
				SDKROOT = iphoneos;
				SWIFT_OPTIMIZATION_LEVEL = "-Owholemodule";
				VALIDATE_PRODUCT = YES;
			};
			name = Release;
		};
		17810B9A1FB404440095A38A /* Debug */ = {
			isa = XCBuildConfiguration;
			buildSettings = {
				ASSETCATALOG_COMPILER_APPICON_NAME = AppIcon;
				CODE_SIGN_STYLE = Automatic;
				INFOPLIST_FILE = sampleMiniGuidebook/Info.plist;
				LD_RUNPATH_SEARCH_PATHS = "$(inherited) @executable_path/Frameworks";
				PRODUCT_BUNDLE_IDENTIFIER = com.tatsukinakatuska.sampleMiniGuidebook;
				PRODUCT_NAME = "$(TARGET_NAME)";
				SWIFT_VERSION = 4.0;
				TARGETED_DEVICE_FAMILY = "1,2";
			};
			name = Debug;
		};
		17810B9B1FB404440095A38A /* Release */ = {
			isa = XCBuildConfiguration;
			buildSettings = {
				ASSETCATALOG_COMPILER_APPICON_NAME = AppIcon;
				CODE_SIGN_STYLE = Automatic;
				INFOPLIST_FILE = sampleMiniGuidebook/Info.plist;
				LD_RUNPATH_SEARCH_PATHS = "$(inherited) @executable_path/Frameworks";
				PRODUCT_BUNDLE_IDENTIFIER = com.tatsukinakatuska.sampleMiniGuidebook;
				PRODUCT_NAME = "$(TARGET_NAME)";
				SWIFT_VERSION = 4.0;
				TARGETED_DEVICE_FAMILY = "1,2";
			};
			name = Release;
		};
		17810B9D1FB404440095A38A /* Debug */ = {
			isa = XCBuildConfiguration;
			buildSettings = {
				ALWAYS_EMBED_SWIFT_STANDARD_LIBRARIES = YES;
				BUNDLE_LOADER = "$(TEST_HOST)";
				CODE_SIGN_STYLE = Automatic;
				INFOPLIST_FILE = sampleMiniGuidebookTests/Info.plist;
				LD_RUNPATH_SEARCH_PATHS = "$(inherited) @executable_path/Frameworks @loader_path/Frameworks";
				PRODUCT_BUNDLE_IDENTIFIER = com.tatsukinakatuska.sampleMiniGuidebookTests;
				PRODUCT_NAME = "$(TARGET_NAME)";
				SWIFT_VERSION = 4.0;
				TARGETED_DEVICE_FAMILY = "1,2";
				TEST_HOST = "$(BUILT_PRODUCTS_DIR)/sampleMiniGuidebook.app/sampleMiniGuidebook";
			};
			name = Debug;
		};
		17810B9E1FB404440095A38A /* Release */ = {
			isa = XCBuildConfiguration;
			buildSettings = {
				ALWAYS_EMBED_SWIFT_STANDARD_LIBRARIES = YES;
				BUNDLE_LOADER = "$(TEST_HOST)";
				CODE_SIGN_STYLE = Automatic;
				INFOPLIST_FILE = sampleMiniGuidebookTests/Info.plist;
				LD_RUNPATH_SEARCH_PATHS = "$(inherited) @executable_path/Frameworks @loader_path/Frameworks";
				PRODUCT_BUNDLE_IDENTIFIER = com.tatsukinakatuska.sampleMiniGuidebookTests;
				PRODUCT_NAME = "$(TARGET_NAME)";
				SWIFT_VERSION = 4.0;
				TARGETED_DEVICE_FAMILY = "1,2";
				TEST_HOST = "$(BUILT_PRODUCTS_DIR)/sampleMiniGuidebook.app/sampleMiniGuidebook";
			};
			name = Release;
		};
		17810BA01FB404440095A38A /* Debug */ = {
			isa = XCBuildConfiguration;
			buildSettings = {
				ALWAYS_EMBED_SWIFT_STANDARD_LIBRARIES = YES;
				CODE_SIGN_STYLE = Automatic;
				INFOPLIST_FILE = sampleMiniGuidebookUITests/Info.plist;
				LD_RUNPATH_SEARCH_PATHS = "$(inherited) @executable_path/Frameworks @loader_path/Frameworks";
				PRODUCT_BUNDLE_IDENTIFIER = com.tatsukinakatuska.sampleMiniGuidebookUITests;
				PRODUCT_NAME = "$(TARGET_NAME)";
				SWIFT_VERSION = 4.0;
				TARGETED_DEVICE_FAMILY = "1,2";
				TEST_TARGET_NAME = sampleMiniGuidebook;
			};
			name = Debug;
		};
		17810BA11FB404440095A38A /* Release */ = {
			isa = XCBuildConfiguration;
			buildSettings = {
				ALWAYS_EMBED_SWIFT_STANDARD_LIBRARIES = YES;
				CODE_SIGN_STYLE = Automatic;
				INFOPLIST_FILE = sampleMiniGuidebookUITests/Info.plist;
				LD_RUNPATH_SEARCH_PATHS = "$(inherited) @executable_path/Frameworks @loader_path/Frameworks";
				PRODUCT_BUNDLE_IDENTIFIER = com.tatsukinakatuska.sampleMiniGuidebookUITests;
				PRODUCT_NAME = "$(TARGET_NAME)";
				SWIFT_VERSION = 4.0;
				TARGETED_DEVICE_FAMILY = "1,2";
				TEST_TARGET_NAME = sampleMiniGuidebook;
			};
			name = Release;
		};
/* End XCBuildConfiguration section */

/* Begin XCConfigurationList section */
		17810B6C1FB404440095A38A /* Build configuration list for PBXProject "sampleMiniGuidebook" */ = {
			isa = XCConfigurationList;
			buildConfigurations = (
				17810B971FB404440095A38A /* Debug */,
				17810B981FB404440095A38A /* Release */,
			);
			defaultConfigurationIsVisible = 0;
			defaultConfigurationName = Release;
		};
		17810B991FB404440095A38A /* Build configuration list for PBXNativeTarget "sampleMiniGuidebook" */ = {
			isa = XCConfigurationList;
			buildConfigurations = (
				17810B9A1FB404440095A38A /* Debug */,
				17810B9B1FB404440095A38A /* Release */,
			);
			defaultConfigurationIsVisible = 0;
			defaultConfigurationName = Release;
		};
		17810B9C1FB404440095A38A /* Build configuration list for PBXNativeTarget "sampleMiniGuidebookTests" */ = {
			isa = XCConfigurationList;
			buildConfigurations = (
				17810B9D1FB404440095A38A /* Debug */,
				17810B9E1FB404440095A38A /* Release */,
			);
			defaultConfigurationIsVisible = 0;
			defaultConfigurationName = Release;
		};
		17810B9F1FB404440095A38A /* Build configuration list for PBXNativeTarget "sampleMiniGuidebookUITests" */ = {
			isa = XCConfigurationList;
			buildConfigurations = (
				17810BA01FB404440095A38A /* Debug */,
				17810BA11FB404440095A38A /* Release */,
			);
			defaultConfigurationIsVisible = 0;
			defaultConfigurationName = Release;
		};
/* End XCConfigurationList section */
	};
	rootObject = 17810B691FB404440095A38A /* Project object */;
}
